
Microsoft Visual Studio Solution File, Format Version 12.00
# Visual Studio Version 16
VisualStudioVersion = 16.0.29911.84
MinimumVisualStudioVersion = 10.0.40219.1
Project("{FAE04EC0-301F-11D3-BF4B-00C04F79EFBC}") = "Server", "Server.csproj", "{9EA2C6D1-37DE-4E0C-AAE7-7ABED644934F}"
EndProject
Global
	GlobalSection(SolutionConfigurationPlatforms) = preSolution
		Debug|Any CPU = Debug|Any CPU
		Release|Any CPU = Release|Any CPU
	EndGlobalSection
	GlobalSection(ProjectConfigurationPlatforms) = postSolution
		{9EA2C6D1-37DE-4E0C-AAE7-7ABED644934F}.Debug|Any CPU.ActiveCfg = Debug|Any CPU
		{9EA2C6D1-37DE-4E0C-AAE7-7ABED644934F}.Debug|Any CPU.Build.0 = Debug|Any CPU
		{9EA2C6D1-37DE-4E0C-AAE7-7ABED644934F}.Release|Any CPU.ActiveCfg = Release|Any CPU
		{9EA2C6D1-37DE-4E0C-AAE7-7ABED644934F}.Release|Any CPU.Build.0 = Release|Any CPU
	EndGlobalSection
	GlobalSection(SolutionProperties) = preSolution
		HideSolutionNode = FALSE
	EndGlobalSection
	GlobalSection(ExtensibilityGlobals) = postSolution
		SolutionGuid = {A04C225B-0F64-4621-BB83-14D4447DA878}
	EndGlobalSection
EndGlobal
